github.com/vannleonheart/goutil v0.0.0-20240505072628-fa0c1a77d708 h1:5GXLgEyrRpCrlw4HDaBFCoo/yHa4TxTY54oRPmbE7sI=
github.com/vannleonheart/goutil v0.0.0-20240505072628-fa0c1a77d708/go.mod h1:Evw6FDPdl5VpjcMuhNQlIwOGSBQnoykU6RBwKXlN9NQ=
github.com/vannleonheart/goutil v0.0.0-20240505073734-61efcabe2fb4 h1:d9yKQb5cseIjkxW/cxDbF9bwhNJ6ZhQ/OS36RKOmkYk=
github.com/vannleonheart/goutil v0.0.0-20240505073734-61efcabe2fb4/go.mod h1:Evw6FDPdl5VpjcMuhNQlIwOGSBQnoykU6RBwKXlN9NQ=
